// !$*UTF8*$!
{
	archiveVersion = 1;
	classes = {
	};
	objectVersion = 50;
	objects = {

/* Begin PBXBuildFile section */
		222B789C24A294F5006DA840 /* AppDelegate.swift in Sources */ = {isa = PBXBuildFile; fileRef = 222B789B24A294F5006DA840 /* AppDelegate.swift */; };
		222B789E24A294F5006DA840 /* SceneDelegate.swift in Sources */ = {isa = PBXBuildFile; fileRef = 222B789D24A294F5006DA840 /* SceneDelegate.swift */; };
		222B78A024A294F6006DA840 /* ViewController.swift in Sources */ = {isa = PBXBuildFile; fileRef = 222B789F24A294F6006DA840 /* ViewController.swift */; };
		222B78A324A294F6006DA840 /* Main.storyboard in Resources */ = {isa = PBXBuildFile; fileRef = 222B78A124A294F6006DA840 /* Main.storyboard */; };
		222B78A524A294F7006DA840 /* Assets.xcassets in Resources */ = {isa = PBXBuildFile; fileRef = 222B78A424A294F7006DA840 /* Assets.xcassets */; };
		222B78A824A294F7006DA840 /* LaunchScreen.storyboard in Resources */ = {isa = PBXBuildFile; fileRef = 222B78A624A294F7006DA840 /* LaunchScreen.storyboard */; };
		222B78B024A29DED006DA840 /* Constants.swift in Sources */ = {isa = PBXBuildFile; fileRef = 222B78AF24A29DED006DA840 /* Constants.swift */; };
		222B78B224A2A054006DA840 /* Video.swift in Sources */ = {isa = PBXBuildFile; fileRef = 222B78B124A2A054006DA840 /* Video.swift */; };
		222B78B424A2A09D006DA840 /* Model.swift in Sources */ = {isa = PBXBuildFile; fileRef = 222B78B324A2A09D006DA840 /* Model.swift */; };
/* End PBXBuildFile section */

/* Begin PBXFileReference section */
		222B789824A294F5006DA840 /* videoApp.app */ = {isa = PBXFileReference; explicitFileType = wrapper.application; includeInIndex = 0; path = videoApp.app; sourceTree = BUILT_PRODUCTS_DIR; };
		222B789B24A294F5006DA840 /* AppDelegate.swift */ = {isa = PBXFileReference; lastKnownFileType = sourcecode.swift; path = AppDelegate.swift; sourceTree = "<group>"; };
		222B789D24A294F5006DA840 /* SceneDelegate.swift */ = {isa = PBXFileReference; lastKnownFileType = sourcecode.swift; path = SceneDelegate.swift; sourceTree = "<group>"; };
		222B789F24A294F6006DA840 /* ViewController.swift */ = {isa = PBXFileReference; lastKnownFileType = sourcecode.swift; path = ViewController.swift; sourceTree = "<group>"; };
		222B78A224A294F6006DA840 /* Base */ = {isa = PBXFileReference; lastKnownFileType = file.storyboard; name = Base; path = Base.lproj/Main.storyboard; sourceTree = "<group>"; };
		222B78A424A294F7006DA840 /* Assets.xcassets */ = {isa = PBXFileReference; lastKnownFileType = folder.assetcatalog; path = Assets.xcassets; sourceTree = "<group>"; };
		222B78A724A294F7006DA840 /* Base */ = {isa = PBXFileReference; lastKnownFileType = file.storyboard; name = Base; path = Base.lproj/LaunchScreen.storyboard; sourceTree = "<group>"; };
		222B78A924A294F7006DA840 /* Info.plist */ = {isa = PBXFileReference; lastKnownFileType = text.plist.xml; path = Info.plist; sourceTree = "<group>"; };
		222B78AF24A29DED006DA840 /* Constants.swift */ = {isa = PBXFileReference; lastKnownFileType = sourcecode.swift; path = Constants.swift; sourceTree = "<group>"; };
		222B78B124A2A054006DA840 /* Video.swift */ = {isa = PBXFileReference; lastKnownFileType = sourcecode.swift; path = Video.swift; sourceTree = "<group>"; };
		222B78B324A2A09D006DA840 /* Model.swift */ = {isa = PBXFileReference; lastKnownFileType = sourcecode.swift; path = Model.swift; sourceTree = "<group>"; };
/* End PBXFileReference section */

/* Begin PBXFrameworksBuildPhase section */
		222B789524A294F5006DA840 /* Frameworks */ = {
			isa = PBXFrameworksBuildPhase;
			buildActionMask = 2147483647;
			files = (
			);
			runOnlyForDeploymentPostprocessing = 0;
		};
/* End PBXFrameworksBuildPhase section */

/* Begin PBXGroup section */
		222B788F24A294F5006DA840 = {
			isa = PBXGroup;
			children = (
				222B789A24A294F5006DA840 /* videoApp */,
				222B789924A294F5006DA840 /* Products */,
			);
			sourceTree = "<group>";
		};
		222B789924A294F5006DA840 /* Products */ = {
			isa = PBXGroup;
			children = (
				222B789824A294F5006DA840 /* videoApp.app */,
			);
			name = Products;
			sourceTree = "<group>";
		};
		222B789A24A294F5006DA840 /* videoApp */ = {
			isa = PBXGroup;
			children = (
				222B789B24A294F5006DA840 /* AppDelegate.swift */,
				222B789D24A294F5006DA840 /* SceneDelegate.swift */,
				222B789F24A294F6006DA840 /* ViewController.swift */,
				222B78A124A294F6006DA840 /* Main.storyboard */,
				222B78A424A294F7006DA840 /* Assets.xcassets */,
				222B78A624A294F7006DA840 /* LaunchScreen.storyboard */,
				222B78A924A294F7006DA840 /* Info.plist */,
				222B78AF24A29DED006DA840 /* Constants.swift */,
				222B78B124A2A054006DA840 /* Video.swift */,
				222B78B324A2A09D006DA840 /* Model.swift */,
			);
			path = videoApp;
			sourceTree = "<group>";
		};
/* End PBXGroup section */

/* Begin PBXNativeTarget section */
		222B789724A294F5006DA840 /* videoApp */ = {
			isa = PBXNativeTarget;
			buildConfigurationList = 222B78AC24A294F7006DA840 /* Build configuration list for PBXNativeTarget "videoApp" */;
			buildPhases = (
				222B789424A294F5006DA840 /* Sources */,
				222B789524A294F5006DA840 /* Frameworks */,
				222B789624A294F5006DA840 /* Resources */,
			);
			buildRules = (
			);
			dependencies = (
			);
			name = videoApp;
			productName = videoApp;
			productReference = 222B789824A294F5006DA840 /* videoApp.app */;
			productType = "com.apple.product-type.application";
		};
/* End PBXNativeTarget section */

/* Begin PBXProject section */
		222B789024A294F5006DA840 /* Project object */ = {
			isa = PBXProject;
			attributes = {
				LastSwiftUpdateCheck = 1150;
				LastUpgradeCheck = 1150;
				ORGANIZATIONNAME = XIN;
				TargetAttributes = {
					222B789724A294F5006DA840 = {
						CreatedOnToolsVersion = 11.5;
					};
				};
			};
			buildConfigurationList = 222B789324A294F5006DA840 /* Build configuration list for PBXProject "videoApp" */;
			compatibilityVersion = "Xcode 9.3";
			developmentRegion = en;
			hasScannedForEncodings = 0;
			knownRegions = (
				en,
				Base,
			);
			mainGroup = 222B788F24A294F5006DA840;
			productRefGroup = 222B789924A294F5006DA840 /* Products */;
			projectDirPath = "";
			projectRoot = "";
			targets = (
				222B789724A294F5006DA840 /* videoApp */,
			);
		};
/* End PBXProject section */

/* Begin PBXResourcesBuildPhase section */
		222B789624A294F5006DA840 /* Resources */ = {
			isa = PBXResourcesBuildPhase;
			buildActionMask = 2147483647;
			files = (
				222B78A824A294F7006DA840 /* LaunchScreen.storyboard in Resources */,
				222B78A524A294F7006DA840 /* Assets.xcassets in Resources */,
				222B78A324A294F6006DA840 /* Main.storyboard in Resources */,
			);
			runOnlyForDeploymentPostprocessing = 0;
		};
/* End PBXResourcesBuildPhase section */

/* Begin PBXSourcesBuildPhase section */
		222B789424A294F5006DA840 /* Sources */ = {
			isa = PBXSourcesBuildPhase;
			buildActionMask = 2147483647;
			files = (
				222B78A024A294F6006DA840 /* ViewController.swift in Sources */,
				222B789C24A294F5006DA840 /* AppDelegate.swift in Sources */,
				222B789E24A294F5006DA840 /* SceneDelegate.swift in Sources */,
				222B78B424A2A09D006DA840 /* Model.swift in Sources */,
				222B78B024A29DED006DA840 /* Constants.swift in Sources */,
				222B78B224A2A054006DA840 /* Video.swift in Sources */,
			);
			runOnlyForDeploymentPostprocessing = 0;
		};
/* End PBXSourcesBuildPhase section */

/* Begin PBXVariantGroup section */
		222B78A124A294F6006DA840 /* Main.storyboard */ = {
			isa = PBXVariantGroup;
			children = (
				222B78A224A294F6006DA840 /* Base */,
			);
			name = Main.storyboard;
			sourceTree = "<group>";
		};
		222B78A624A294F7006DA840 /* LaunchScreen.storyboard */ = {
			isa = PBXVariantGroup;
			children = (
				222B78A724A294F7006DA840 /* Base */,
			);
			name = LaunchScreen.storyboard;
			sourceTree = "<group>";
		};
/* End PBXVariantGroup section */

/* Begin XCBuildConfiguration section */
		222B78AA24A294F7006DA840 /* Debug */ = {
			isa = XCBuildConfiguration;
			buildSettings = {
				ALWAYS_SEARCH_USER_PATHS = NO;
				CLANG_ANALYZER_NONNULL = YES;
				CLANG_ANALYZER_NUMBER_OBJECT_CONVERSION = YES_AGGRESSIVE;
				CLANG_CXX_LANGUAGE_STANDARD = "gnu++14";
				CLANG_CXX_LIBRARY = "libc++";
				CLANG_ENABLE_MODULES = YES;
				CLANG_ENABLE_OBJC_ARC = YES;
				CLANG_ENABLE_OBJC_WEAK = YES;
				CLANG_WARN_BLOCK_CAPTURE_AUTORELEASING = YES;
				CLANG_WARN_BOOL_CONVERSION = YES;
				CLANG_WARN_COMMA = YES;
				CLANG_WARN_CONSTANT_CONVERSION = YES;
				CLANG_WARN_DEPRECATED_OBJC_IMPLEMENTATIONS = YES;
				CLANG_WARN_DIRECT_OBJC_ISA_USAGE = YES_ERROR;
				CLANG_WARN_DOCUMENTATION_COMMENTS = YES;
				CLANG_WARN_EMPTY_BODY = YES;
				CLANG_WARN_ENUM_CONVERSION = YES;
				CLANG_WARN_INFINITE_RECURSION = YES;
				CLANG_WARN_INT_CONVERSION = YES;
				CLANG_WARN_NON_LITERAL_NULL_CONVERSION = YES;
				CLANG_WARN_OBJC_IMPLICIT_RETAIN_SELF = YES;
				CLANG_WARN_OBJC_LITERAL_CONVERSION = YES;
				CLANG_WARN_OBJC_ROOT_CLASS = YES_ERROR;
				CLANG_WARN_RANGE_LOOP_ANALYSIS = YES;
				CLANG_WARN_STRICT_PROTOTYPES = YES;
				CLANG_WARN_SUSPICIOUS_MOVE = YES;
				CLANG_WARN_UNGUARDED_AVAILABILITY = YES_AGGRESSIVE;
				CLANG_WARN_UNREACHABLE_CODE = YES;
				CLANG_WARN__DUPLICATE_METHOD_MATCH = YES;
				COPY_PHASE_STRIP = NO;
				DEBUG_INFORMATION_FORMAT = dwarf;
				ENABLE_STRICT_OBJC_MSGSEND = YES;
				ENABLE_TESTABILITY = YES;
				GCC_C_LANGUAGE_STANDARD = gnu11;
				GCC_DYNAMIC_NO_PIC = NO;
				GCC_NO_COMMON_BLOCKS = YES;
				GCC_OPTIMIZATION_LEVEL = 0;
				GCC_PREPROCESSOR_DEFINITIONS = (
					"DEBUG=1",
					"$(inherited)",
				);
				GCC_WARN_64_TO_32_BIT_CONVERSION = YES;
				GCC_WARN_ABOUT_RETURN_TYPE = YES_ERROR;
				GCC_WARN_UNDECLARED_SELECTOR = YES;
				GCC_WARN_UNINITIALIZED_AUTOS = YES_AGGRESSIVE;
				GCC_WARN_UNUSED_FUNCTION = YES;
				GCC_WARN_UNUSED_VARIABLE = YES;
				IPHONEOS_DEPLOYMENT_TARGET = 13.5;
				MTL_ENABLE_DEBUG_INFO = INCLUDE_SOURCE;
				MTL_FAST_MATH = YES;
				ONLY_ACTIVE_ARCH = YES;
				SDKROOT = iphoneos;
				SWIFT_ACTIVE_COMPILATION_CONDITIONS = DEBUG;
				SWIFT_OPTIMIZATION_LEVEL = "-Onone";
			};
			name = Debug;
		};
		222B78AB24A294F7006DA840 /* Release */ = {
			isa = XCBuildConfiguration;
			buildSettings = {
				ALWAYS_SEARCH_USER_PATHS = NO;
				CLANG_ANALYZER_NONNULL = YES;
				CLANG_ANALYZER_NUMBER_OBJECT_CONVERSION = YES_AGGRESSIVE;
				CLANG_CXX_LANGUAGE_STANDARD = "gnu++14";
				CLANG_CXX_LIBRARY = "libc++";
				CLANG_ENABLE_MODULES = YES;
				CLANG_ENABLE_OBJC_ARC = YES;
				CLANG_ENABLE_OBJC_WEAK = YES;
				CLANG_WARN_BLOCK_CAPTURE_AUTORELEASING = YES;
				CLANG_WARN_BOOL_CONVERSION = YES;
				CLANG_WARN_COMMA = YES;
				CLANG_WARN_CONSTANT_CONVERSION = YES;
				CLANG_WARN_DEPRECATED_OBJC_IMPLEMENTATIONS = YES;
				CLANG_WARN_DIRECT_OBJC_ISA_USAGE = YES_ERROR;
				CLANG_WARN_DOCUMENTATION_COMMENTS = YES;
				CLANG_WARN_EMPTY_BODY = YES;
				CLANG_WARN_ENUM_CONVERSION = YES;
				CLANG_WARN_INFINITE_RECURSION = YES;
				CLANG_WARN_INT_CONVERSION = YES;
				CLANG_WARN_NON_LITERAL_NULL_CONVERSION = YES;
				CLANG_WARN_OBJC_IMPLICIT_RETAIN_SELF = YES;
				CLANG_WARN_OBJC_LITERAL_CONVERSION = YES;
				CLANG_WARN_OBJC_ROOT_CLASS = YES_ERROR;
				CLANG_WARN_RANGE_LOOP_ANALYSIS = YES;
				CLANG_WARN_STRICT_PROTOTYPES = YES;
				CLANG_WARN_SUSPICIOUS_MOVE = YES;
				CLANG_WARN_UNGUARDED_AVAILABILITY = YES_AGGRESSIVE;
				CLANG_WARN_UNREACHABLE_CODE = YES;
				CLANG_WARN__DUPLICATE_METHOD_MATCH = YES;
				COPY_PHASE_STRIP = NO;
				DEBUG_INFORMATION_FORMAT = "dwarf-with-dsym";
				ENABLE_NS_ASSERTIONS = NO;
				ENABLE_STRICT_OBJC_MSGSEND = YES;
				GCC_C_LANGUAGE_STANDARD = gnu11;
				GCC_NO_COMMON_BLOCKS = YES;
				GCC_WARN_64_TO_32_BIT_CONVERSION = YES;
				GCC_WARN_ABOUT_RETURN_TYPE = YES_ERROR;
				GCC_WARN_UNDECLARED_SELECTOR = YES;
				GCC_WARN_UNINITIALIZED_AUTOS = YES_AGGRESSIVE;
				GCC_WARN_UNUSED_FUNCTION = YES;
				GCC_WARN_UNUSED_VARIABLE = YES;
				IPHONEOS_DEPLOYMENT_TARGET = 13.5;
				MTL_ENABLE_DEBUG_INFO = NO;
				MTL_FAST_MATH = YES;
				SDKROOT = iphoneos;
				SWIFT_COMPILATION_MODE = wholemodule;
				SWIFT_OPTIMIZATION_LEVEL = "-O";
				VALIDATE_PRODUCT = YES;
			};
			name = Release;
		};
		222B78AD24A294F7006DA840 /* Debug */ = {
			isa = XCBuildConfiguration;
			buildSettings = {
				ASSETCATALOG_COMPILER_APPICON_NAME = AppIcon;
				CODE_SIGN_STYLE = Automatic;
				DEVELOPMENT_TEAM = CA6PY2LF2K;
				INFOPLIST_FILE = videoApp/Info.plist;
				LD_RUNPATH_SEARCH_PATHS = (
					"$(inherited)",
					"@executable_path/Frameworks",
				);
				PRODUCT_BUNDLE_IDENTIFIER = com.yxinghang.videoApp;
				PRODUCT_NAME = "$(TARGET_NAME)";
				SWIFT_VERSION = 5.0;
				TARGETED_DEVICE_FAMILY = "1,2";
			};
			name = Debug;
		};
		222B78AE24A294F7006DA840 /* Release */ = {
			isa = XCBuildConfiguration;
			buildSettings = {
				ASSETCATALOG_COMPILER_APPICON_NAME = AppIcon;
				CODE_SIGN_STYLE = Automatic;
				DEVELOPMENT_TEAM = CA6PY2LF2K;
				INFOPLIST_FILE = videoApp/Info.plist;
				LD_RUNPATH_SEARCH_PATHS = (
					"$(inherited)",
					"@executable_path/Frameworks",
				);
				PRODUCT_BUNDLE_IDENTIFIER = com.yxinghang.videoApp;
				PRODUCT_NAME = "$(TARGET_NAME)";
				SWIFT_VERSION = 5.0;
				TARGETED_DEVICE_FAMILY = "1,2";
			};
			name = Release;
		};
/* End XCBuildConfiguration section */

/* Begin XCConfigurationList section */
		222B789324A294F5006DA840 /* Build configuration list for PBXProject "videoApp" */ = {
			isa = XCConfigurationList;
			buildConfigurations = (
				222B78AA24A294F7006DA840 /* Debug */,
				222B78AB24A294F7006DA840 /* Release */,
			);
			defaultConfigurationIsVisible = 0;
			defaultConfigurationName = Release;
		};
		222B78AC24A294F7006DA840 /* Build configuration list for PBXNativeTarget "videoApp" */ = {
			isa = XCConfigurationList;
			buildConfigurations = (
				222B78AD24A294F7006DA840 /* Debug */,
				222B78AE24A294F7006DA840 /* Release */,
			);
			defaultConfigurationIsVisible = 0;
			defaultConfigurationName = Release;
		};
/* End XCConfigurationList section */
	};
	rootObject = 222B789024A294F5006DA840 /* Project object */;
}
